
Microsoft Visual Studio Solution File, Format Version 12.00
# Visual Studio 15
VisualStudioVersion = 15.0.27703.2026
MinimumVisualStudioVersion = 10.0.40219.1
Project("{FAE04EC0-301F-11D3-BF4B-00C04F79EFBC}") = "DutchTreat", "DutchTreat\DutchTreat.csproj", "{D098619B-E1D6-4E45-AAD4-36E8664751E4}"
EndProject
Global
	GlobalSection(SolutionConfigurationPlatforms) = preSolution
		Debug|Any CPU = Debug|Any CPU
		Release|Any CPU = Release|Any CPU
	EndGlobalSection
	GlobalSection(ProjectConfigurationPlatforms) = postSolution
		{D098619B-E1D6-4E45-AAD4-36E8664751E4}.Debug|Any CPU.ActiveCfg = Debug|Any CPU
		{D098619B-E1D6-4E45-AAD4-36E8664751E4}.Debug|Any CPU.Build.0 = Debug|Any CPU
		{D098619B-E1D6-4E45-AAD4-36E8664751E4}.Release|Any CPU.ActiveCfg = Release|Any CPU
		{D098619B-E1D6-4E45-AAD4-36E8664751E4}.Release|Any CPU.Build.0 = Release|Any CPU
	EndGlobalSection
	GlobalSection(SolutionProperties) = preSolution
		HideSolutionNode = FALSE
	EndGlobalSection
	GlobalSection(ExtensibilityGlobals) = postSolution
		SolutionGuid = {75A7DA0F-8EBD-4A61-B8B6-A7EC91B791A6}
	EndGlobalSection
EndGlobal
